
Microsoft Visual Studio Solution File, Format Version 12.00
# Visual Studio 15
VisualStudioVersion = 15.0.27004.2002
MinimumVisualStudioVersion = 10.0.40219.1
Project("{FAE04EC0-301F-11D3-BF4B-00C04F79EFBC}") = "BookApp", "BookApp\BookApp.csproj", "{48235A22-4CBE-442F-A161-5F6386563C34}"
EndProject
Global
	GlobalSection(SolutionConfigurationPlatforms) = preSolution
		Debug|Any CPU = Debug|Any CPU
		Release|Any CPU = Release|Any CPU
	EndGlobalSection
	GlobalSection(ProjectConfigurationPlatforms) = postSolution
		{48235A22-4CBE-442F-A161-5F6386563C34}.Debug|Any CPU.ActiveCfg = Debug|Any CPU
		{48235A22-4CBE-442F-A161-5F6386563C34}.Debug|Any CPU.Build.0 = Debug|Any CPU
		{48235A22-4CBE-442F-A161-5F6386563C34}.Release|Any CPU.ActiveCfg = Release|Any CPU
		{48235A22-4CBE-442F-A161-5F6386563C34}.Release|Any CPU.Build.0 = Release|Any CPU
	EndGlobalSection
	GlobalSection(SolutionProperties) = preSolution
		HideSolutionNode = FALSE
	EndGlobalSection
	GlobalSection(ExtensibilityGlobals) = postSolution
		SolutionGuid = {37517A47-51DD-4E52-96FF-53B3A6D37BE9}
	EndGlobalSection
EndGlobal
